
Microsoft Visual Studio Solution File, Format Version 12.00
# Visual Studio 15
VisualStudioVersion = 15.0.33026.149
MinimumVisualStudioVersion = 10.0.40219.1
Project("{FAE04EC0-301F-11D3-BF4B-00C04F79EFBC}") = "ConsoleAppFormulaHerona", "ConsoleAppFormulaHerona\ConsoleAppFormulaHerona.csproj", "{864B03F6-061A-4701-A4A2-9DB5375A09C5}"
EndProject
Global
	GlobalSection(SolutionConfigurationPlatforms) = preSolution
		Debug|Any CPU = Debug|Any CPU
		Release|Any CPU = Release|Any CPU
	EndGlobalSection
	GlobalSection(ProjectConfigurationPlatforms) = postSolution
		{864B03F6-061A-4701-A4A2-9DB5375A09C5}.Debug|Any CPU.ActiveCfg = Debug|Any CPU
		{864B03F6-061A-4701-A4A2-9DB5375A09C5}.Debug|Any CPU.Build.0 = Debug|Any CPU
		{864B03F6-061A-4701-A4A2-9DB5375A09C5}.Release|Any CPU.ActiveCfg = Release|Any CPU
		{864B03F6-061A-4701-A4A2-9DB5375A09C5}.Release|Any CPU.Build.0 = Release|Any CPU
	EndGlobalSection
	GlobalSection(SolutionProperties) = preSolution
		HideSolutionNode = FALSE
	EndGlobalSection
	GlobalSection(ExtensibilityGlobals) = postSolution
		SolutionGuid = {BC51E482-EA95-4DBC-BB9E-82C807CBA9B8}
	EndGlobalSection
EndGlobal
